# THIS IS AN AUTOGENERATED FILE. DO NOT EDIT THIS FILE DIRECTLY.
# yarn lockfile v1


"@esbuild/win32-x64@0.21.5":
  "integrity" "sha512-tQd/1efJuzPC6rCFwEvLtci/xNFcTZknmXs98FYDfGE4wP9ClFV98nyKrzJKVPMhdDnjzLhdUyMX4PsQAPjwIw=="
  "resolved" "https://registry.npmjs.org/@esbuild/win32-x64/-/win32-x64-0.21.5.tgz"
  "version" "0.21.5"

"@parcel/watcher-win32-x64@2.5.0":
  "integrity" "sha512-lPrxve92zEHdgeff3aiu4gDOIt4u7sJYha6wbdEZDCDUhtjTsOMiaJzG5lMY4GkWH8p0fMmO2Ppq5G5XXG+DQw=="
  "resolved" "https://registry.npmjs.org/@parcel/watcher-win32-x64/-/watcher-win32-x64-2.5.0.tgz"
  "version" "2.5.0"

"@parcel/watcher@^2.4.1":
  "integrity" "sha512-i0GV1yJnm2n3Yq1qw6QrUrd/LI9bE8WEBOTtOkpCXHHdyN3TAGgqAK/DAT05z4fq2x04cARXt2pDmjWjL92iTQ=="
  "resolved" "https://registry.npmjs.org/@parcel/watcher/-/watcher-2.5.0.tgz"
  "version" "2.5.0"
  dependencies:
    "detect-libc" "^1.0.3"
    "is-glob" "^4.0.3"
    "micromatch" "^4.0.5"
    "node-addon-api" "^7.0.0"
  optionalDependencies:
    "@parcel/watcher-android-arm64" "2.5.0"
    "@parcel/watcher-darwin-arm64" "2.5.0"
    "@parcel/watcher-darwin-x64" "2.5.0"
    "@parcel/watcher-freebsd-x64" "2.5.0"
    "@parcel/watcher-linux-arm-glibc" "2.5.0"
    "@parcel/watcher-linux-arm-musl" "2.5.0"
    "@parcel/watcher-linux-arm64-glibc" "2.5.0"
    "@parcel/watcher-linux-arm64-musl" "2.5.0"
    "@parcel/watcher-linux-x64-glibc" "2.5.0"
    "@parcel/watcher-linux-x64-musl" "2.5.0"
    "@parcel/watcher-win32-arm64" "2.5.0"
    "@parcel/watcher-win32-ia32" "2.5.0"
    "@parcel/watcher-win32-x64" "2.5.0"

"@popperjs/core@^2.11.6", "@popperjs/core@^2.11.8":
  "integrity" "sha512-P1st0aksCrn9sGZhp8GMYwBnQsbvAWsZAX44oXNNvLHGqAOcoVxmjZiohstwQ7SqKnbR47akdNi+uleWD8+g6A=="
  "resolved" "https://registry.npmjs.org/@popperjs/core/-/core-2.11.8.tgz"
  "version" "2.11.8"

"@rollup/rollup-win32-x64-msvc@4.28.1":
  "integrity" "sha512-ZvK2jBafvttJjoIdKm/Q/Bh7IJ1Ose9IBOwpOXcOvW3ikGTQGmKDgxTC6oCAzW6PynbkKP8+um1du81XJHZ0JA=="
  "resolved" "https://registry.npmjs.org/@rollup/rollup-win32-x64-msvc/-/rollup-win32-x64-msvc-4.28.1.tgz"
  "version" "4.28.1"

"@types/estree@1.0.6":
  "integrity" "sha512-AYnb1nQyY49te+VRAVgmzfcgjYS91mY5P0TKUDCLEM+gNnA+3T6rWITXRLYCpahpqSQbN5cE+gHpnPyXjHWxcw=="
  "resolved" "https://registry.npmjs.org/@types/estree/-/estree-1.0.6.tgz"
  "version" "1.0.6"

"asynckit@^0.4.0":
  "integrity" "sha512-Oei9OH4tRh0YqU3GxhX79dM/mwVgvbZJaSNaRk+bshkj0S5cfHcgYakreBjrHwatXKbz+IoIdYLxrKim2MjW0Q=="
  "resolved" "https://registry.npmjs.org/asynckit/-/asynckit-0.4.0.tgz"
  "version" "0.4.0"

"axios@^1.6.4":
  "integrity" "sha512-LhLcE7Hbiryz8oMDdDptSrWowmB4Bl6RCt6sIJKpRB4XtVf0iEgewX3au/pJqm+Py1kCASkb/FFKjxQaLtxJvw=="
  "resolved" "https://registry.npmjs.org/axios/-/axios-1.7.9.tgz"
  "version" "1.7.9"
  dependencies:
    "follow-redirects" "^1.15.6"
    "form-data" "^4.0.0"
    "proxy-from-env" "^1.1.0"

<<<<<<< HEAD
"bootstrap@^5.2.3":
  "integrity" "sha512-8HLCdWgyoMguSO9o+aH+iuZ+aht+mzW0u3HIMzVu7Srrpv7EBBxTnrFlSCskwdY1+EOFQSm7uMJhNQHkdPcmjg=="
  "resolved" "https://registry.npmjs.org/bootstrap/-/bootstrap-5.3.3.tgz"
  "version" "5.3.3"
=======
bootstrap@4:
  version "4.6.2"
  resolved "https://registry.yarnpkg.com/bootstrap/-/bootstrap-4.6.2.tgz#8e0cd61611728a5bf65a3a2b8d6ff6c77d5d7479"
  integrity sha512-51Bbp/Uxr9aTuy6ca/8FbFloBUJZLHwnhTcnjIeRn2suQWsWzcuJhGjKDB5eppVte/8oCdOL3VuwxvZDUggwGQ==
>>>>>>> 739d1cbff9516562d8e6befcc95678fdd6cfc983

"braces@^3.0.3":
  "integrity" "sha512-yQbXgO/OSZVD2IsiLlro+7Hf6Q18EJrKSEsdoMzKePKXct3gvD8oLcOQdIzGupr5Fj+EDe8gO/lxc1BzfMpxvA=="
  "resolved" "https://registry.npmjs.org/braces/-/braces-3.0.3.tgz"
  "version" "3.0.3"
  dependencies:
    "fill-range" "^7.1.1"

"chokidar@^4.0.0":
  "integrity" "sha512-n8enUVCED/KVRQlab1hr3MVpcVMvxtZjmEa956u+4YijlmQED223XMSYj2tLuKvr4jcCTzNNMpQDUer72MMmzA=="
  "resolved" "https://registry.npmjs.org/chokidar/-/chokidar-4.0.1.tgz"
  "version" "4.0.1"
  dependencies:
    "readdirp" "^4.0.1"

"combined-stream@^1.0.8":
  "integrity" "sha512-FQN4MRfuJeHf7cBbBMJFXhKSDq+2kAArBlmRBvcvFE5BB1HZKXtSFASDhdlz9zOYwxh8lDdnvmMOe/+5cdoEdg=="
  "resolved" "https://registry.npmjs.org/combined-stream/-/combined-stream-1.0.8.tgz"
  "version" "1.0.8"
  dependencies:
    "delayed-stream" "~1.0.0"

"delayed-stream@~1.0.0":
  "integrity" "sha512-ZySD7Nf91aLB0RxL4KGrKHBXl7Eds1DAmEdcoVawXnLD7SDhpNgtuII2aAkg7a7QS41jxPSZ17p4VdGnMHk3MQ=="
  "resolved" "https://registry.npmjs.org/delayed-stream/-/delayed-stream-1.0.0.tgz"
  "version" "1.0.0"

"detect-libc@^1.0.3":
  "integrity" "sha512-pGjwhsmsp4kL2RTz08wcOlGN83otlqHeD/Z5T8GXZB+/YcpQ/dgo+lbU8ZsGxV0HIvqqxo9l7mqYwyYMD9bKDg=="
  "resolved" "https://registry.npmjs.org/detect-libc/-/detect-libc-1.0.3.tgz"
  "version" "1.0.3"

"esbuild@^0.21.3":
  "integrity" "sha512-mg3OPMV4hXywwpoDxu3Qda5xCKQi+vCTZq8S9J/EpkhB2HzKXq4SNFZE3+NK93JYxc8VMSep+lOUSC/RVKaBqw=="
  "resolved" "https://registry.npmjs.org/esbuild/-/esbuild-0.21.5.tgz"
  "version" "0.21.5"
  optionalDependencies:
    "@esbuild/aix-ppc64" "0.21.5"
    "@esbuild/android-arm" "0.21.5"
    "@esbuild/android-arm64" "0.21.5"
    "@esbuild/android-x64" "0.21.5"
    "@esbuild/darwin-arm64" "0.21.5"
    "@esbuild/darwin-x64" "0.21.5"
    "@esbuild/freebsd-arm64" "0.21.5"
    "@esbuild/freebsd-x64" "0.21.5"
    "@esbuild/linux-arm" "0.21.5"
    "@esbuild/linux-arm64" "0.21.5"
    "@esbuild/linux-ia32" "0.21.5"
    "@esbuild/linux-loong64" "0.21.5"
    "@esbuild/linux-mips64el" "0.21.5"
    "@esbuild/linux-ppc64" "0.21.5"
    "@esbuild/linux-riscv64" "0.21.5"
    "@esbuild/linux-s390x" "0.21.5"
    "@esbuild/linux-x64" "0.21.5"
    "@esbuild/netbsd-x64" "0.21.5"
    "@esbuild/openbsd-x64" "0.21.5"
    "@esbuild/sunos-x64" "0.21.5"
    "@esbuild/win32-arm64" "0.21.5"
    "@esbuild/win32-ia32" "0.21.5"
    "@esbuild/win32-x64" "0.21.5"

"fill-range@^7.1.1":
  "integrity" "sha512-YsGpe3WHLK8ZYi4tWDg2Jy3ebRz2rXowDxnld4bkQB00cc/1Zw9AWnC0i9ztDJitivtQvaI9KaLyKrc+hBW0yg=="
  "resolved" "https://registry.npmjs.org/fill-range/-/fill-range-7.1.1.tgz"
  "version" "7.1.1"
  dependencies:
    "to-regex-range" "^5.0.1"

"follow-redirects@^1.15.6":
  "integrity" "sha512-gew4GsXizNgdoRyqmyfMHyAmXsZDk6mHkSxZFCzW9gwlbtOW44CDtYavM+y+72qD/Vq2l550kMF52DT8fOLJqQ=="
  "resolved" "https://registry.npmjs.org/follow-redirects/-/follow-redirects-1.15.9.tgz"
  "version" "1.15.9"

"form-data@^4.0.0":
  "integrity" "sha512-tzN8e4TX8+kkxGPK8D5u0FNmjPUjw3lwC9lSLxxoB/+GtsJG91CO8bSWy73APlgAZzZbXEYZJuxjkHH2w+Ezhw=="
  "resolved" "https://registry.npmjs.org/form-data/-/form-data-4.0.1.tgz"
  "version" "4.0.1"
  dependencies:
    "asynckit" "^0.4.0"
    "combined-stream" "^1.0.8"
    "mime-types" "^2.1.12"

"immutable@^5.0.2":
  "integrity" "sha512-P8IdPQHq3lA1xVeBRi5VPqUm5HDgKnx0Ru51wZz5mjxHr5n3RWhjIpOFU7ybkUxfB+5IToy+OLaHYDBIWsv+uw=="
  "resolved" "https://registry.npmjs.org/immutable/-/immutable-5.0.3.tgz"
  "version" "5.0.3"

"is-extglob@^2.1.1":
  "integrity" "sha512-SbKbANkN603Vi4jEZv49LeVJMn4yGwsbzZworEoyEiutsN3nJYdbO36zfhGJ6QEDpOZIFkDtnq5JRxmvl3jsoQ=="
  "resolved" "https://registry.npmjs.org/is-extglob/-/is-extglob-2.1.1.tgz"
  "version" "2.1.1"

<<<<<<< HEAD
"is-glob@^4.0.3":
  "integrity" "sha512-xelSayHH36ZgE7ZWhli7pW34hNbNl8Ojv5KVmkJD4hBdD3th8Tfk9vYasLM+mXWOZhFkgZfxhLSnrwRr4elSSg=="
  "resolved" "https://registry.npmjs.org/is-glob/-/is-glob-4.0.3.tgz"
  "version" "4.0.3"
=======
inherits@2.0.3:
  version "2.0.3"
  resolved "https://registry.yarnpkg.com/inherits/-/inherits-2.0.3.tgz#633c2c83e3da42a502f52466022480f4208261de"
  integrity sha512-x00IRNXNy63jwGkJmzPigoySHbaqpNuzKbBOmzK+g2OdZpQ9w+sxCN+VSB3ja7IAge2OP2qpfxTjeNcyjmW1uw==

is-extglob@^2.1.1:
  version "2.1.1"
  resolved "https://registry.yarnpkg.com/is-extglob/-/is-extglob-2.1.1.tgz#a88c02535791f02ed37c76a1b9ea9773c833f8c2"
  integrity sha512-SbKbANkN603Vi4jEZv49LeVJMn4yGwsbzZworEoyEiutsN3nJYdbO36zfhGJ6QEDpOZIFkDtnq5JRxmvl3jsoQ==

is-glob@^4.0.3:
  version "4.0.3"
  resolved "https://registry.yarnpkg.com/is-glob/-/is-glob-4.0.3.tgz#64f61e42cbbb2eec2071a9dac0b28ba1e65d5084"
  integrity sha512-xelSayHH36ZgE7ZWhli7pW34hNbNl8Ojv5KVmkJD4hBdD3th8Tfk9vYasLM+mXWOZhFkgZfxhLSnrwRr4elSSg==
>>>>>>> 739d1cbff9516562d8e6befcc95678fdd6cfc983
  dependencies:
    "is-extglob" "^2.1.1"

"is-number@^7.0.0":
  "integrity" "sha512-41Cifkg6e8TylSpdtTpeLVMqvSBEVzTttHvERD741+pnZ8ANv0004MRL43QKPDlK9cGvNp6NZWZUBlbGXYxxng=="
  "resolved" "https://registry.npmjs.org/is-number/-/is-number-7.0.0.tgz"
  "version" "7.0.0"

<<<<<<< HEAD
"laravel-vite-plugin@^1.0.0":
  "integrity" "sha512-HMZXpoSs1OR+7Lw1+g4Iy/s3HF3Ldl8KxxYT2Ot8pEB4XB/QRuZeWgDYJdu552UN03YRSRNK84CLC9NzYRtncA=="
  "resolved" "https://registry.npmjs.org/laravel-vite-plugin/-/laravel-vite-plugin-1.1.1.tgz"
  "version" "1.1.1"
=======
jquery@^3.7.1:
  version "3.7.1"
  resolved "https://registry.yarnpkg.com/jquery/-/jquery-3.7.1.tgz#083ef98927c9a6a74d05a6af02806566d16274de"
  integrity sha512-m4avr8yL8kmFN8psrbFFFmB/If14iN5o9nw/NgnnM+kybDJpRsAynV2BsfpTYrTRysYUdADVD7CkUUizgkpLfg==

laravel-vite-plugin@^1.0.0:
  version "1.1.1"
  resolved "https://registry.yarnpkg.com/laravel-vite-plugin/-/laravel-vite-plugin-1.1.1.tgz#e909a2df7cad7275dca3f7717f5e3075891045d4"
  integrity sha512-HMZXpoSs1OR+7Lw1+g4Iy/s3HF3Ldl8KxxYT2Ot8pEB4XB/QRuZeWgDYJdu552UN03YRSRNK84CLC9NzYRtncA==
>>>>>>> 739d1cbff9516562d8e6befcc95678fdd6cfc983
  dependencies:
    "picocolors" "^1.0.0"
    "vite-plugin-full-reload" "^1.1.0"

"micromatch@^4.0.5":
  "integrity" "sha512-PXwfBhYu0hBCPw8Dn0E+WDYb7af3dSLVWKi3HGv84IdF4TyFoC0ysxFd0Goxw7nSv4T/PzEJQxsYsEiFCKo2BA=="
  "resolved" "https://registry.npmjs.org/micromatch/-/micromatch-4.0.8.tgz"
  "version" "4.0.8"
  dependencies:
    "braces" "^3.0.3"
    "picomatch" "^2.3.1"

"mime-db@1.52.0":
  "integrity" "sha512-sPU4uV7dYlvtWJxwwxHD0PuihVNiE7TyAbQ5SWxDCB9mUYvOgroQOwYQQOKPJ8CIbE+1ETVlOoK1UC2nU3gYvg=="
  "resolved" "https://registry.npmjs.org/mime-db/-/mime-db-1.52.0.tgz"
  "version" "1.52.0"

"mime-types@^2.1.12":
  "integrity" "sha512-ZDY+bPm5zTTF+YpCrAU9nK0UgICYPT0QtT1NZWFv4s++TNkcgVaT0g6+4R2uI4MjQjzysHB1zxuWL50hzaeXiw=="
  "resolved" "https://registry.npmjs.org/mime-types/-/mime-types-2.1.35.tgz"
  "version" "2.1.35"
  dependencies:
    "mime-db" "1.52.0"

"nanoid@^3.3.7":
  "integrity" "sha512-WNLf5Sd8oZxOm+TzppcYk8gVOgP+l58xNy58D0nbUnOxOWRWvlcCV4kUF7ltmI6PsrLl/BgKEyS4mqsGChFN0w=="
  "resolved" "https://registry.npmjs.org/nanoid/-/nanoid-3.3.8.tgz"
  "version" "3.3.8"

"node-addon-api@^7.0.0":
  "integrity" "sha512-5m3bsyrjFWE1xf7nz7YXdN4udnVtXK6/Yfgn5qnahL6bCkf2yKt4k3nuTKAtT4r3IG8JNR2ncsIMdZuAzJjHQQ=="
  "resolved" "https://registry.npmjs.org/node-addon-api/-/node-addon-api-7.1.1.tgz"
  "version" "7.1.1"

<<<<<<< HEAD
"picocolors@^1.0.0", "picocolors@^1.1.1":
  "integrity" "sha512-xceH2snhtb5M9liqDsmEw56le376mTZkEX/jEb/RxNFyegNul7eNslCXP9FDj/Lcu0X8KEyMceP2ntpaHrDEVA=="
  "resolved" "https://registry.npmjs.org/picocolors/-/picocolors-1.1.1.tgz"
  "version" "1.1.1"
=======
path@^0.12.7:
  version "0.12.7"
  resolved "https://registry.yarnpkg.com/path/-/path-0.12.7.tgz#d4dc2a506c4ce2197eb481ebfcd5b36c0140b10f"
  integrity sha512-aXXC6s+1w7otVF9UletFkFcDsJeO7lSZBPUQhtb5O0xJe8LtYhj/GxldoL09bBj9+ZmE2hNoHqQSFMN5fikh4Q==
  dependencies:
    process "^0.11.1"
    util "^0.10.3"

picocolors@^1.0.0, picocolors@^1.1.1:
  version "1.1.1"
  resolved "https://registry.yarnpkg.com/picocolors/-/picocolors-1.1.1.tgz#3d321af3eab939b083c8f929a1d12cda81c26b6b"
  integrity sha512-xceH2snhtb5M9liqDsmEw56le376mTZkEX/jEb/RxNFyegNul7eNslCXP9FDj/Lcu0X8KEyMceP2ntpaHrDEVA==
>>>>>>> 739d1cbff9516562d8e6befcc95678fdd6cfc983

"picomatch@^2.3.1":
  "integrity" "sha512-JU3teHTNjmE2VCGFzuY8EXzCDVwEqB2a8fsIvwaStHhAWJEeVd1o1QD80CU6+ZdEXXSLbSsuLwJjkCBWqRQUVA=="
  "resolved" "https://registry.npmjs.org/picomatch/-/picomatch-2.3.1.tgz"
  "version" "2.3.1"

<<<<<<< HEAD
"postcss@^8.4.43":
  "integrity" "sha512-OCVPnIObs4N29kxTjzLfUryOkvZEq+pf8jTF0lg8E7uETuWHA+v7j3c/xJmiqpX450191LlmZfUKkXxkTry7nA=="
  "resolved" "https://registry.npmjs.org/postcss/-/postcss-8.4.49.tgz"
  "version" "8.4.49"
=======
popper.js@^1.16.1:
  version "1.16.1"
  resolved "https://registry.yarnpkg.com/popper.js/-/popper.js-1.16.1.tgz#2a223cb3dc7b6213d740e40372be40de43e65b1b"
  integrity sha512-Wb4p1J4zyFTbM+u6WuO4XstYx4Ky9Cewe4DWrel7B0w6VVICvPwdOpotjzcf6eD8TsckVnIMNONQyPIUFOUbCQ==

postcss@^8.4.43:
  version "8.4.49"
  resolved "https://registry.yarnpkg.com/postcss/-/postcss-8.4.49.tgz#4ea479048ab059ab3ae61d082190fabfd994fe19"
  integrity sha512-OCVPnIObs4N29kxTjzLfUryOkvZEq+pf8jTF0lg8E7uETuWHA+v7j3c/xJmiqpX450191LlmZfUKkXxkTry7nA==
>>>>>>> 739d1cbff9516562d8e6befcc95678fdd6cfc983
  dependencies:
    "nanoid" "^3.3.7"
    "picocolors" "^1.1.1"
    "source-map-js" "^1.2.1"

<<<<<<< HEAD
"proxy-from-env@^1.1.0":
  "integrity" "sha512-D+zkORCbA9f1tdWRK0RaCR3GPv50cMxcrz4X8k5LTSUD1Dkw47mKJEZQNunItRTkWwgtaUSo1RVFRIG9ZXiFYg=="
  "resolved" "https://registry.npmjs.org/proxy-from-env/-/proxy-from-env-1.1.0.tgz"
  "version" "1.1.0"
=======
process@^0.11.1:
  version "0.11.10"
  resolved "https://registry.yarnpkg.com/process/-/process-0.11.10.tgz#7332300e840161bda3e69a1d1d91a7d4bc16f182"
  integrity sha512-cdGef/drWFoydD1JsMzuFf8100nZl+GT+yacc2bEced5f9Rjk4z+WtFUTBu9PhOi9j/jfmBPu0mMEY4wIdAF8A==

proxy-from-env@^1.1.0:
  version "1.1.0"
  resolved "https://registry.yarnpkg.com/proxy-from-env/-/proxy-from-env-1.1.0.tgz#e102f16ca355424865755d2c9e8ea4f24d58c3e2"
  integrity sha512-D+zkORCbA9f1tdWRK0RaCR3GPv50cMxcrz4X8k5LTSUD1Dkw47mKJEZQNunItRTkWwgtaUSo1RVFRIG9ZXiFYg==
>>>>>>> 739d1cbff9516562d8e6befcc95678fdd6cfc983

"readdirp@^4.0.1":
  "integrity" "sha512-yDMz9g+VaZkqBYS/ozoBJwaBhTbZo3UNYQHNRw1D3UFQB8oHB4uS/tAODO+ZLjGWmUbKnIlOWO+aaIiAxrUWHA=="
  "resolved" "https://registry.npmjs.org/readdirp/-/readdirp-4.0.2.tgz"
  "version" "4.0.2"

"rollup@^4.20.0":
  "integrity" "sha512-61fXYl/qNVinKmGSTHAZ6Yy8I3YIJC/r2m9feHo6SwVAVcLT5MPwOUFe7EuURA/4m0NR8lXG4BBXuo/IZEsjMg=="
  "resolved" "https://registry.npmjs.org/rollup/-/rollup-4.28.1.tgz"
  "version" "4.28.1"
  dependencies:
    "@types/estree" "1.0.6"
  optionalDependencies:
    "@rollup/rollup-android-arm-eabi" "4.28.1"
    "@rollup/rollup-android-arm64" "4.28.1"
    "@rollup/rollup-darwin-arm64" "4.28.1"
    "@rollup/rollup-darwin-x64" "4.28.1"
    "@rollup/rollup-freebsd-arm64" "4.28.1"
    "@rollup/rollup-freebsd-x64" "4.28.1"
    "@rollup/rollup-linux-arm-gnueabihf" "4.28.1"
    "@rollup/rollup-linux-arm-musleabihf" "4.28.1"
    "@rollup/rollup-linux-arm64-gnu" "4.28.1"
    "@rollup/rollup-linux-arm64-musl" "4.28.1"
    "@rollup/rollup-linux-loongarch64-gnu" "4.28.1"
    "@rollup/rollup-linux-powerpc64le-gnu" "4.28.1"
    "@rollup/rollup-linux-riscv64-gnu" "4.28.1"
    "@rollup/rollup-linux-s390x-gnu" "4.28.1"
    "@rollup/rollup-linux-x64-gnu" "4.28.1"
    "@rollup/rollup-linux-x64-musl" "4.28.1"
    "@rollup/rollup-win32-arm64-msvc" "4.28.1"
    "@rollup/rollup-win32-ia32-msvc" "4.28.1"
    "@rollup/rollup-win32-x64-msvc" "4.28.1"
    "fsevents" "~2.3.2"

"sass@*", "sass@^1.56.1":
  "integrity" "sha512-j4GMCTa8elGyN9A7x7bEglx0VgSpNUG4W4wNedQ33wSMdnkqQCT8HTwOaVSV4e6yQovcu/3Oc4coJP/l0xhL2Q=="
  "resolved" "https://registry.npmjs.org/sass/-/sass-1.82.0.tgz"
  "version" "1.82.0"
  dependencies:
    "chokidar" "^4.0.0"
    "immutable" "^5.0.2"
    "source-map-js" ">=0.6.2 <2.0.0"
  optionalDependencies:
    "@parcel/watcher" "^2.4.1"

"source-map-js@^1.2.1", "source-map-js@>=0.6.2 <2.0.0":
  "integrity" "sha512-UXWMKhLOwVKb728IUtQPXxfYU+usdybtUrK/8uGE8CQMvrhOpwvzDBwj0QhSL7MQc7vIsISBG8VQ8+IDQxpfQA=="
  "resolved" "https://registry.npmjs.org/source-map-js/-/source-map-js-1.2.1.tgz"
  "version" "1.2.1"

"to-regex-range@^5.0.1":
  "integrity" "sha512-65P7iz6X5yEr1cwcgvQxbbIw7Uk3gOy5dIdtZ4rDveLqhrdJP+Li/Hx6tyK0NEb+2GCyneCMJiGqrADCSNk8sQ=="
  "resolved" "https://registry.npmjs.org/to-regex-range/-/to-regex-range-5.0.1.tgz"
  "version" "5.0.1"
  dependencies:
    "is-number" "^7.0.0"

<<<<<<< HEAD
"vite-plugin-full-reload@^1.1.0":
  "integrity" "sha512-kz18NW79x0IHbxRSHm0jttP4zoO9P9gXh+n6UTwlNKnviTTEpOlum6oS9SmecrTtSr+muHEn5TUuC75UovQzcA=="
  "resolved" "https://registry.npmjs.org/vite-plugin-full-reload/-/vite-plugin-full-reload-1.2.0.tgz"
  "version" "1.2.0"
=======
util@^0.10.3:
  version "0.10.4"
  resolved "https://registry.yarnpkg.com/util/-/util-0.10.4.tgz#3aa0125bfe668a4672de58857d3ace27ecb76901"
  integrity sha512-0Pm9hTQ3se5ll1XihRic3FDIku70C+iHUdT/W926rSgHV5QgXsYbKZN8MSC3tJtSkhuROzvsQjAaFENRXr+19A==
  dependencies:
    inherits "2.0.3"

vite-plugin-full-reload@^1.1.0:
  version "1.2.0"
  resolved "https://registry.yarnpkg.com/vite-plugin-full-reload/-/vite-plugin-full-reload-1.2.0.tgz#bc4bfdc842abb4d24309ca802be8b955fce1c0c6"
  integrity sha512-kz18NW79x0IHbxRSHm0jttP4zoO9P9gXh+n6UTwlNKnviTTEpOlum6oS9SmecrTtSr+muHEn5TUuC75UovQzcA==
>>>>>>> 739d1cbff9516562d8e6befcc95678fdd6cfc983
  dependencies:
    "picocolors" "^1.0.0"
    "picomatch" "^2.3.1"

"vite@^5.0.0", "vite@^5.0.0 || ^6.0.0":
  "integrity" "sha512-c7jFQRklXua0mTzneGW9QVyxFjUgwcihC4bXEtujIo2ouWCe1Ajt/amn2PCxYnhYfd5k09JX3SB7OYWFKYqj8Q=="
  "resolved" "https://registry.npmjs.org/vite/-/vite-5.4.11.tgz"
  "version" "5.4.11"
  dependencies:
    "esbuild" "^0.21.3"
    "postcss" "^8.4.43"
    "rollup" "^4.20.0"
  optionalDependencies:
    "fsevents" "~2.3.3"
